
Microsoft Visual Studio Solution File, Format Version 12.00
# Visual Studio Version 17
VisualStudioVersion = 17.14.36327.8
MinimumVisualStudioVersion = 10.0.40219.1
Project("{FAE04EC0-301F-11D3-BF4B-00C04F79EFBC}") = "addressbook-web-tests_ai", "addressbook-web-tests_ai\addressbook-web-tests_ai.csproj", "{91F3EE3D-D014-47EC-9F23-878F0D7BAC86}"
EndProject
Project("{FAE04EC0-301F-11D3-BF4B-00C04F79EFBC}") = "addressbook-test-data-generators", "addressbook-test-data-generators\addressbook-test-data-generators.csproj", "{FB07E4D6-B9CB-4776-A72A-452C0BBE2CDE}"
	ProjectSection(ProjectDependencies) = postProject
		{91F3EE3D-D014-47EC-9F23-878F0D7BAC86} = {91F3EE3D-D014-47EC-9F23-878F0D7BAC86}
	EndProjectSection
EndProject
Global
	GlobalSection(SolutionConfigurationPlatforms) = preSolution
		Debug|Any CPU = Debug|Any CPU
		Release|Any CPU = Release|Any CPU
	EndGlobalSection
	GlobalSection(ProjectConfigurationPlatforms) = postSolution
		{91F3EE3D-D014-47EC-9F23-878F0D7BAC86}.Debug|Any CPU.ActiveCfg = Debug|Any CPU
		{91F3EE3D-D014-47EC-9F23-878F0D7BAC86}.Debug|Any CPU.Build.0 = Debug|Any CPU
		{91F3EE3D-D014-47EC-9F23-878F0D7BAC86}.Release|Any CPU.ActiveCfg = Release|Any CPU
		{91F3EE3D-D014-47EC-9F23-878F0D7BAC86}.Release|Any CPU.Build.0 = Release|Any CPU
		{FB07E4D6-B9CB-4776-A72A-452C0BBE2CDE}.Debug|Any CPU.ActiveCfg = Debug|Any CPU
		{FB07E4D6-B9CB-4776-A72A-452C0BBE2CDE}.Debug|Any CPU.Build.0 = Debug|Any CPU
		{FB07E4D6-B9CB-4776-A72A-452C0BBE2CDE}.Release|Any CPU.ActiveCfg = Release|Any CPU
		{FB07E4D6-B9CB-4776-A72A-452C0BBE2CDE}.Release|Any CPU.Build.0 = Release|Any CPU
	EndGlobalSection
	GlobalSection(SolutionProperties) = preSolution
		HideSolutionNode = FALSE
	EndGlobalSection
	GlobalSection(ExtensibilityGlobals) = postSolution
		SolutionGuid = {E7084406-4509-4CBA-8989-B1995C68B247}
	EndGlobalSection
EndGlobal
